
Microsoft Visual Studio Solution File, Format Version 12.00
# Visual Studio Version 17
VisualStudioVersion = 17.14.36414.22 d17.14
MinimumVisualStudioVersion = 10.0.40219.1
Project("{8BC9CEB8-8B4A-11D0-8D11-00A0C91BC942}") = "10월15일 실습문제 P152", "10월15일 실습문제 P152.vcxproj", "{E01BDF3D-DD83-4332-865F-6D75465C6A97}"
EndProject
Global
	GlobalSection(SolutionConfigurationPlatforms) = preSolution
		Debug|x64 = Debug|x64
		Debug|x86 = Debug|x86
		Release|x64 = Release|x64
		Release|x86 = Release|x86
	EndGlobalSection
	GlobalSection(ProjectConfigurationPlatforms) = postSolution
		{E01BDF3D-DD83-4332-865F-6D75465C6A97}.Debug|x64.ActiveCfg = Debug|x64
		{E01BDF3D-DD83-4332-865F-6D75465C6A97}.Debug|x64.Build.0 = Debug|x64
		{E01BDF3D-DD83-4332-865F-6D75465C6A97}.Debug|x86.ActiveCfg = Debug|Win32
		{E01BDF3D-DD83-4332-865F-6D75465C6A97}.Debug|x86.Build.0 = Debug|Win32
		{E01BDF3D-DD83-4332-865F-6D75465C6A97}.Release|x64.ActiveCfg = Release|x64
		{E01BDF3D-DD83-4332-865F-6D75465C6A97}.Release|x64.Build.0 = Release|x64
		{E01BDF3D-DD83-4332-865F-6D75465C6A97}.Release|x86.ActiveCfg = Release|Win32
		{E01BDF3D-DD83-4332-865F-6D75465C6A97}.Release|x86.Build.0 = Release|Win32
	EndGlobalSection
	GlobalSection(SolutionProperties) = preSolution
		HideSolutionNode = FALSE
	EndGlobalSection
	GlobalSection(ExtensibilityGlobals) = postSolution
		SolutionGuid = {A419334C-C647-48B0-84CD-32B4339606EB}
	EndGlobalSection
EndGlobal
